// !$*UTF8*$!
{
	archiveVersion = 1;
	classes = {
	};
	objectVersion = 46;
	objects = {

/* Begin PBXBuildFile section */
		11556F6221479AB9008E499E /* SQRDCard+RNReaderSDKAdditions.m in Sources */ = {isa = PBXBuildFile; fileRef = 11556F6021479AB9008E499E /* SQRDCard+RNReaderSDKAdditions.m */; };
		11556F6A214B7523008E499E /* SQRDTenderCardDetails+RNReaderSDKAdditions.m in Sources */ = {isa = PBXBuildFile; fileRef = 11556F67214B7522008E499E /* SQRDTenderCardDetails+RNReaderSDKAdditions.m */; };
		11556F6B214B7523008E499E /* SQRDTenderCashDetails+RNReaderSDKAdditions.m in Sources */ = {isa = PBXBuildFile; fileRef = 11556F69214B7523008E499E /* SQRDTenderCashDetails+RNReaderSDKAdditions.m */; };
		1174DE63212CE7E200B0166E /* RNReaderSDKAuthorization.m in Sources */ = {isa = PBXBuildFile; fileRef = 1174DE61212CE7E100B0166E /* RNReaderSDKAuthorization.m */; };
		1174DE66212CE82200B0166E /* SQRDLocation+RNReaderSDKAdditions.m in Sources */ = {isa = PBXBuildFile; fileRef = 1174DE65212CE82200B0166E /* SQRDLocation+RNReaderSDKAdditions.m */; };
		1174DE6F212CEEA300B0166E /* SQRDMoney+RNReaderSDKAdditions.m in Sources */ = {isa = PBXBuildFile; fileRef = 1174DE6B212CEEA300B0166E /* SQRDMoney+RNReaderSDKAdditions.m */; };
		1174DE70212CEEA300B0166E /* SQRDTender+RNReaderSDKAdditions.m in Sources */ = {isa = PBXBuildFile; fileRef = 1174DE6C212CEEA300B0166E /* SQRDTender+RNReaderSDKAdditions.m */; };
		1174DE71212CEEA300B0166E /* SQRDCheckoutResult+RNReaderSDKAdditions.m in Sources */ = {isa = PBXBuildFile; fileRef = 1174DE6D212CEEA300B0166E /* SQRDCheckoutResult+RNReaderSDKAdditions.m */; };
		1174DE74212CF0E800B0166E /* RNReaderSDKDateFormatter.m in Sources */ = {isa = PBXBuildFile; fileRef = 1174DE72212CF0E800B0166E /* RNReaderSDKDateFormatter.m */; };
		1174DE89212CF75000B0166E /* RNReaderSDKErrorUtilities.m in Sources */ = {isa = PBXBuildFile; fileRef = 1174DE88212CF75000B0166E /* RNReaderSDKErrorUtilities.m */; };
		1174DE8F212DCA0F00B0166E /* RNReaderSDKReaderSettings.m in Sources */ = {isa = PBXBuildFile; fileRef = 1174DE8B212DCA0E00B0166E /* RNReaderSDKReaderSettings.m */; };
		1174DE90212DCA0F00B0166E /* RNReaderSDKCheckout.m in Sources */ = {isa = PBXBuildFile; fileRef = 1174DE8C212DCA0E00B0166E /* RNReaderSDKCheckout.m */; };
		11F898BF222DF699001ABB26 /* RNReaderSDKStoreCustomerCard.m in Sources */ = {isa = PBXBuildFile; fileRef = 11F898BE222DF699001ABB26 /* RNReaderSDKStoreCustomerCard.m */; };
/* End PBXBuildFile section */

/* Begin PBXCopyFilesBuildPhase section */
		58B511D91A9E6C8500147676 /* CopyFiles */ = {
			isa = PBXCopyFilesBuildPhase;
			buildActionMask = 2147483647;
			dstPath = "include/$(PRODUCT_NAME)";
			dstSubfolderSpec = 16;
			files = (
			);
			runOnlyForDeploymentPostprocessing = 0;
		};
/* End PBXCopyFilesBuildPhase section */

/* Begin PBXFileReference section */
		11556F6021479AB9008E499E /* SQRDCard+RNReaderSDKAdditions.m */ = {isa = PBXFileReference; fileEncoding = 4; lastKnownFileType = sourcecode.c.objc; path = "SQRDCard+RNReaderSDKAdditions.m"; sourceTree = "<group>"; };
		11556F6121479AB9008E499E /* SQRDCard+RNReaderSDKAdditions.h */ = {isa = PBXFileReference; fileEncoding = 4; lastKnownFileType = sourcecode.c.h; path = "SQRDCard+RNReaderSDKAdditions.h"; sourceTree = "<group>"; };
		11556F66214B7522008E499E /* SQRDTenderCashDetails+RNReaderSDKAdditions.h */ = {isa = PBXFileReference; fileEncoding = 4; lastKnownFileType = sourcecode.c.h; path = "SQRDTenderCashDetails+RNReaderSDKAdditions.h"; sourceTree = "<group>"; };
		11556F67214B7522008E499E /* SQRDTenderCardDetails+RNReaderSDKAdditions.m */ = {isa = PBXFileReference; fileEncoding = 4; lastKnownFileType = sourcecode.c.objc; path = "SQRDTenderCardDetails+RNReaderSDKAdditions.m"; sourceTree = "<group>"; };
		11556F68214B7523008E499E /* SQRDTenderCardDetails+RNReaderSDKAdditions.h */ = {isa = PBXFileReference; fileEncoding = 4; lastKnownFileType = sourcecode.c.h; path = "SQRDTenderCardDetails+RNReaderSDKAdditions.h"; sourceTree = "<group>"; };
		11556F69214B7523008E499E /* SQRDTenderCashDetails+RNReaderSDKAdditions.m */ = {isa = PBXFileReference; fileEncoding = 4; lastKnownFileType = sourcecode.c.objc; path = "SQRDTenderCashDetails+RNReaderSDKAdditions.m"; sourceTree = "<group>"; };
		1174DE61212CE7E100B0166E /* RNReaderSDKAuthorization.m */ = {isa = PBXFileReference; fileEncoding = 4; lastKnownFileType = sourcecode.c.objc; path = RNReaderSDKAuthorization.m; sourceTree = "<group>"; };
		1174DE62212CE7E100B0166E /* RNReaderSDKAuthorization.h */ = {isa = PBXFileReference; fileEncoding = 4; lastKnownFileType = sourcecode.c.h; path = RNReaderSDKAuthorization.h; sourceTree = "<group>"; };
		1174DE65212CE82200B0166E /* SQRDLocation+RNReaderSDKAdditions.m */ = {isa = PBXFileReference; lastKnownFileType = sourcecode.c.objc; path = "SQRDLocation+RNReaderSDKAdditions.m"; sourceTree = "<group>"; };
		1174DE68212CEA0200B0166E /* SQRDLocation+RNReaderSDKAdditions.h */ = {isa = PBXFileReference; fileEncoding = 4; lastKnownFileType = sourcecode.c.h; path = "SQRDLocation+RNReaderSDKAdditions.h"; sourceTree = "<group>"; };
		1174DE69212CEEA200B0166E /* SQRDMoney+RNReaderSDKAdditions.h */ = {isa = PBXFileReference; fileEncoding = 4; lastKnownFileType = sourcecode.c.h; path = "SQRDMoney+RNReaderSDKAdditions.h"; sourceTree = "<group>"; };
		1174DE6B212CEEA300B0166E /* SQRDMoney+RNReaderSDKAdditions.m */ = {isa = PBXFileReference; fileEncoding = 4; lastKnownFileType = sourcecode.c.objc; path = "SQRDMoney+RNReaderSDKAdditions.m"; sourceTree = "<group>"; };
		1174DE6C212CEEA300B0166E /* SQRDTender+RNReaderSDKAdditions.m */ = {isa = PBXFileReference; fileEncoding = 4; lastKnownFileType = sourcecode.c.objc; path = "SQRDTender+RNReaderSDKAdditions.m"; sourceTree = "<group>"; };
		1174DE6D212CEEA300B0166E /* SQRDCheckoutResult+RNReaderSDKAdditions.m */ = {isa = PBXFileReference; fileEncoding = 4; lastKnownFileType = sourcecode.c.objc; path = "SQRDCheckoutResult+RNReaderSDKAdditions.m"; sourceTree = "<group>"; };
		1174DE6E212CEEA300B0166E /* SQRDTender+RNReaderSDKAdditions.h */ = {isa = PBXFileReference; fileEncoding = 4; lastKnownFileType = sourcecode.c.h; path = "SQRDTender+RNReaderSDKAdditions.h"; sourceTree = "<group>"; };
		1174DE72212CF0E800B0166E /* RNReaderSDKDateFormatter.m */ = {isa = PBXFileReference; fileEncoding = 4; lastKnownFileType = sourcecode.c.objc; path = RNReaderSDKDateFormatter.m; sourceTree = "<group>"; };
		1174DE73212CF0E800B0166E /* RNReaderSDKDateFormatter.h */ = {isa = PBXFileReference; fileEncoding = 4; lastKnownFileType = sourcecode.c.h; path = RNReaderSDKDateFormatter.h; sourceTree = "<group>"; };
		1174DE75212CF10B00B0166E /* SQRDCheckoutResult+RNReaderSDKAdditions.h */ = {isa = PBXFileReference; fileEncoding = 4; lastKnownFileType = sourcecode.c.h; path = "SQRDCheckoutResult+RNReaderSDKAdditions.h"; sourceTree = "<group>"; };
		1174DE88212CF75000B0166E /* RNReaderSDKErrorUtilities.m */ = {isa = PBXFileReference; lastKnownFileType = sourcecode.c.objc; path = RNReaderSDKErrorUtilities.m; sourceTree = "<group>"; };
		1174DE8A212CF77A00B0166E /* RNReaderSDKErrorUtilities.h */ = {isa = PBXFileReference; lastKnownFileType = sourcecode.c.h; path = RNReaderSDKErrorUtilities.h; sourceTree = "<group>"; };
		1174DE8B212DCA0E00B0166E /* RNReaderSDKReaderSettings.m */ = {isa = PBXFileReference; fileEncoding = 4; lastKnownFileType = sourcecode.c.objc; path = RNReaderSDKReaderSettings.m; sourceTree = "<group>"; };
		1174DE8C212DCA0E00B0166E /* RNReaderSDKCheckout.m */ = {isa = PBXFileReference; fileEncoding = 4; lastKnownFileType = sourcecode.c.objc; path = RNReaderSDKCheckout.m; sourceTree = "<group>"; };
		1174DE8D212DCA0E00B0166E /* RNReaderSDKCheckout.h */ = {isa = PBXFileReference; fileEncoding = 4; lastKnownFileType = sourcecode.c.h; path = RNReaderSDKCheckout.h; sourceTree = "<group>"; };
		1174DE8E212DCA0E00B0166E /* RNReaderSDKReaderSettings.h */ = {isa = PBXFileReference; fileEncoding = 4; lastKnownFileType = sourcecode.c.h; path = RNReaderSDKReaderSettings.h; sourceTree = "<group>"; };
		11F898BD222DF698001ABB26 /* RNReaderSDKStoreCustomerCard.h */ = {isa = PBXFileReference; fileEncoding = 4; lastKnownFileType = sourcecode.c.h; path = RNReaderSDKStoreCustomerCard.h; sourceTree = "<group>"; };
		11F898BE222DF699001ABB26 /* RNReaderSDKStoreCustomerCard.m */ = {isa = PBXFileReference; fileEncoding = 4; lastKnownFileType = sourcecode.c.objc; path = RNReaderSDKStoreCustomerCard.m; sourceTree = "<group>"; };
		134814201AA4EA6300B7C361 /* libRNReaderSDK.a */ = {isa = PBXFileReference; explicitFileType = archive.ar; includeInIndex = 0; path = libRNReaderSDK.a; sourceTree = BUILT_PRODUCTS_DIR; };
/* End PBXFileReference section */

/* Begin PBXFrameworksBuildPhase section */
		58B511D81A9E6C8500147676 /* Frameworks */ = {
			isa = PBXFrameworksBuildPhase;
			buildActionMask = 2147483647;
			files = (
			);
			runOnlyForDeploymentPostprocessing = 0;
		};
/* End PBXFrameworksBuildPhase section */

/* Begin PBXGroup section */
		1174DE64212CE7F400B0166E /* Converters */ = {
			isa = PBXGroup;
			children = (
				11556F68214B7523008E499E /* SQRDTenderCardDetails+RNReaderSDKAdditions.h */,
				11556F67214B7522008E499E /* SQRDTenderCardDetails+RNReaderSDKAdditions.m */,
				11556F66214B7522008E499E /* SQRDTenderCashDetails+RNReaderSDKAdditions.h */,
				11556F69214B7523008E499E /* SQRDTenderCashDetails+RNReaderSDKAdditions.m */,
				11556F6121479AB9008E499E /* SQRDCard+RNReaderSDKAdditions.h */,
				11556F6021479AB9008E499E /* SQRDCard+RNReaderSDKAdditions.m */,
				1174DE75212CF10B00B0166E /* SQRDCheckoutResult+RNReaderSDKAdditions.h */,
				1174DE6D212CEEA300B0166E /* SQRDCheckoutResult+RNReaderSDKAdditions.m */,
				1174DE73212CF0E800B0166E /* RNReaderSDKDateFormatter.h */,
				1174DE72212CF0E800B0166E /* RNReaderSDKDateFormatter.m */,
				1174DE69212CEEA200B0166E /* SQRDMoney+RNReaderSDKAdditions.h */,
				1174DE6B212CEEA300B0166E /* SQRDMoney+RNReaderSDKAdditions.m */,
				1174DE6E212CEEA300B0166E /* SQRDTender+RNReaderSDKAdditions.h */,
				1174DE6C212CEEA300B0166E /* SQRDTender+RNReaderSDKAdditions.m */,
				1174DE68212CEA0200B0166E /* SQRDLocation+RNReaderSDKAdditions.h */,
				1174DE65212CE82200B0166E /* SQRDLocation+RNReaderSDKAdditions.m */,
			);
			path = Converters;
			sourceTree = "<group>";
		};
		11B26C8D20DA2B9E00DE06AE /* Frameworks */ = {
			isa = PBXGroup;
			children = (
			);
			name = Frameworks;
			sourceTree = "<group>";
		};
		134814211AA4EA7D00B7C361 /* Products */ = {
			isa = PBXGroup;
			children = (
				134814201AA4EA6300B7C361 /* libRNReaderSDK.a */,
			);
			name = Products;
			sourceTree = "<group>";
		};
		58B511D21A9E6C8500147676 = {
			isa = PBXGroup;
			children = (
				1174DE64212CE7F400B0166E /* Converters */,
				1174DE62212CE7E100B0166E /* RNReaderSDKAuthorization.h */,
				1174DE61212CE7E100B0166E /* RNReaderSDKAuthorization.m */,
				1174DE8D212DCA0E00B0166E /* RNReaderSDKCheckout.h */,
				1174DE8C212DCA0E00B0166E /* RNReaderSDKCheckout.m */,
				11F898BD222DF698001ABB26 /* RNReaderSDKStoreCustomerCard.h */,
				11F898BE222DF699001ABB26 /* RNReaderSDKStoreCustomerCard.m */,
				1174DE8E212DCA0E00B0166E /* RNReaderSDKReaderSettings.h */,
				1174DE8B212DCA0E00B0166E /* RNReaderSDKReaderSettings.m */,
				1174DE8A212CF77A00B0166E /* RNReaderSDKErrorUtilities.h */,
				1174DE88212CF75000B0166E /* RNReaderSDKErrorUtilities.m */,
				134814211AA4EA7D00B7C361 /* Products */,
				11B26C8D20DA2B9E00DE06AE /* Frameworks */,
			);
			sourceTree = "<group>";
		};
/* End PBXGroup section */

/* Begin PBXNativeTarget section */
		58B511DA1A9E6C8500147676 /* RNReaderSDK */ = {
			isa = PBXNativeTarget;
			buildConfigurationList = 58B511EF1A9E6C8500147676 /* Build configuration list for PBXNativeTarget "RNReaderSDK" */;
			buildPhases = (
				58B511D71A9E6C8500147676 /* Sources */,
				58B511D81A9E6C8500147676 /* Frameworks */,
				58B511D91A9E6C8500147676 /* CopyFiles */,
			);
			buildRules = (
			);
			dependencies = (
			);
			name = RNReaderSDK;
			productName = RCTDataManager;
			productReference = 134814201AA4EA6300B7C361 /* libRNReaderSDK.a */;
			productType = "com.apple.product-type.library.static";
		};
/* End PBXNativeTarget section */

/* Begin PBXProject section */
		58B511D31A9E6C8500147676 /* Project object */ = {
			isa = PBXProject;
			attributes = {
				LastUpgradeCheck = 0830;
				ORGANIZATIONNAME = Facebook;
				TargetAttributes = {
					58B511DA1A9E6C8500147676 = {
						CreatedOnToolsVersion = 6.1.1;
					};
				};
			};
			buildConfigurationList = 58B511D61A9E6C8500147676 /* Build configuration list for PBXProject "RNReaderSDK" */;
			compatibilityVersion = "Xcode 3.2";
			developmentRegion = English;
			hasScannedForEncodings = 0;
			knownRegions = (
				en,
			);
			mainGroup = 58B511D21A9E6C8500147676;
			productRefGroup = 58B511D21A9E6C8500147676;
			projectDirPath = "";
			projectRoot = "";
			targets = (
				58B511DA1A9E6C8500147676 /* RNReaderSDK */,
			);
		};
/* End PBXProject section */

/* Begin PBXSourcesBuildPhase section */
		58B511D71A9E6C8500147676 /* Sources */ = {
			isa = PBXSourcesBuildPhase;
			buildActionMask = 2147483647;
			files = (
				11F898BF222DF699001ABB26 /* RNReaderSDKStoreCustomerCard.m in Sources */,
				1174DE70212CEEA300B0166E /* SQRDTender+RNReaderSDKAdditions.m in Sources */,
				11556F6221479AB9008E499E /* SQRDCard+RNReaderSDKAdditions.m in Sources */,
				1174DE89212CF75000B0166E /* RNReaderSDKErrorUtilities.m in Sources */,
				1174DE8F212DCA0F00B0166E /* RNReaderSDKReaderSettings.m in Sources */,
				11556F6A214B7523008E499E /* SQRDTenderCardDetails+RNReaderSDKAdditions.m in Sources */,
				1174DE74212CF0E800B0166E /* RNReaderSDKDateFormatter.m in Sources */,
				1174DE66212CE82200B0166E /* SQRDLocation+RNReaderSDKAdditions.m in Sources */,
				1174DE90212DCA0F00B0166E /* RNReaderSDKCheckout.m in Sources */,
				1174DE71212CEEA300B0166E /* SQRDCheckoutResult+RNReaderSDKAdditions.m in Sources */,
				1174DE63212CE7E200B0166E /* RNReaderSDKAuthorization.m in Sources */,
				1174DE6F212CEEA300B0166E /* SQRDMoney+RNReaderSDKAdditions.m in Sources */,
				11556F6B214B7523008E499E /* SQRDTenderCashDetails+RNReaderSDKAdditions.m in Sources */,
			);
			runOnlyForDeploymentPostprocessing = 0;
		};
/* End PBXSourcesBuildPhase section */

/* Begin XCBuildConfiguration section */
		58B511ED1A9E6C8500147676 /* Debug */ = {
			isa = XCBuildConfiguration;
			buildSettings = {
				ALWAYS_SEARCH_USER_PATHS = NO;
				CLANG_CXX_LANGUAGE_STANDARD = "gnu++0x";
				CLANG_CXX_LIBRARY = "libc++";
				CLANG_ENABLE_MODULES = YES;
				CLANG_ENABLE_OBJC_ARC = YES;
				CLANG_WARN_BOOL_CONVERSION = YES;
				CLANG_WARN_CONSTANT_CONVERSION = YES;
				CLANG_WARN_DIRECT_OBJC_ISA_USAGE = YES_ERROR;
				CLANG_WARN_EMPTY_BODY = YES;
				CLANG_WARN_ENUM_CONVERSION = YES;
				CLANG_WARN_INFINITE_RECURSION = YES;
				CLANG_WARN_INT_CONVERSION = YES;
				CLANG_WARN_OBJC_ROOT_CLASS = YES_ERROR;
				CLANG_WARN_SUSPICIOUS_MOVE = YES;
				CLANG_WARN_UNREACHABLE_CODE = YES;
				CLANG_WARN__DUPLICATE_METHOD_MATCH = YES;
				COPY_PHASE_STRIP = NO;
				ENABLE_STRICT_OBJC_MSGSEND = YES;
				ENABLE_TESTABILITY = YES;
				GCC_C_LANGUAGE_STANDARD = gnu99;
				GCC_DYNAMIC_NO_PIC = NO;
				GCC_NO_COMMON_BLOCKS = YES;
				GCC_OPTIMIZATION_LEVEL = 0;
				GCC_PREPROCESSOR_DEFINITIONS = (
					"DEBUG=1",
					"$(inherited)",
				);
				GCC_SYMBOLS_PRIVATE_EXTERN = NO;
				GCC_WARN_64_TO_32_BIT_CONVERSION = YES;
				GCC_WARN_ABOUT_RETURN_TYPE = YES_ERROR;
				GCC_WARN_UNDECLARED_SELECTOR = YES;
				GCC_WARN_UNINITIALIZED_AUTOS = YES_AGGRESSIVE;
				GCC_WARN_UNUSED_FUNCTION = YES;
				GCC_WARN_UNUSED_VARIABLE = YES;
				IPHONEOS_DEPLOYMENT_TARGET = 11.3;
				MTL_ENABLE_DEBUG_INFO = YES;
				ONLY_ACTIVE_ARCH = YES;
				SDKROOT = iphoneos;
			};
			name = Debug;
		};
		58B511EE1A9E6C8500147676 /* Release */ = {
			isa = XCBuildConfiguration;
			buildSettings = {
				ALWAYS_SEARCH_USER_PATHS = NO;
				CLANG_CXX_LANGUAGE_STANDARD = "gnu++0x";
				CLANG_CXX_LIBRARY = "libc++";
				CLANG_ENABLE_MODULES = YES;
				CLANG_ENABLE_OBJC_ARC = YES;
				CLANG_WARN_BOOL_CONVERSION = YES;
				CLANG_WARN_CONSTANT_CONVERSION = YES;
				CLANG_WARN_DIRECT_OBJC_ISA_USAGE = YES_ERROR;
				CLANG_WARN_EMPTY_BODY = YES;
				CLANG_WARN_ENUM_CONVERSION = YES;
				CLANG_WARN_INFINITE_RECURSION = YES;
				CLANG_WARN_INT_CONVERSION = YES;
				CLANG_WARN_OBJC_ROOT_CLASS = YES_ERROR;
				CLANG_WARN_SUSPICIOUS_MOVE = YES;
				CLANG_WARN_UNREACHABLE_CODE = YES;
				CLANG_WARN__DUPLICATE_METHOD_MATCH = YES;
				COPY_PHASE_STRIP = YES;
				ENABLE_NS_ASSERTIONS = NO;
				ENABLE_STRICT_OBJC_MSGSEND = YES;
				GCC_C_LANGUAGE_STANDARD = gnu99;
				GCC_NO_COMMON_BLOCKS = YES;
				GCC_WARN_64_TO_32_BIT_CONVERSION = YES;
				GCC_WARN_ABOUT_RETURN_TYPE = YES_ERROR;
				GCC_WARN_UNDECLARED_SELECTOR = YES;
				GCC_WARN_UNINITIALIZED_AUTOS = YES_AGGRESSIVE;
				GCC_WARN_UNUSED_FUNCTION = YES;
				GCC_WARN_UNUSED_VARIABLE = YES;
				IPHONEOS_DEPLOYMENT_TARGET = 11.3;
				MTL_ENABLE_DEBUG_INFO = NO;
				SDKROOT = iphoneos;
				VALIDATE_PRODUCT = YES;
			};
			name = Release;
		};
		58B511F01A9E6C8500147676 /* Debug */ = {
			isa = XCBuildConfiguration;
			buildSettings = {
				FRAMEWORK_SEARCH_PATHS = (
					"$(inherited)",
					"$(PROJECT_DIR)",
					"$(PROJECT_DIR)/../../../ios/**",
					"$(PROJECT_DIR)/../../../",
					"$(PROJECT_DIR)/../reader-sdk-react-native-quickstart/ios/",
				);
				HEADER_SEARCH_PATHS = (
					"$(inherited)",
					/Applications/Xcode.app/Contents/Developer/Toolchains/XcodeDefault.xctoolchain/usr/include,
					"$(SRCROOT)/../../../React/**",
					"$(SRCROOT)/../../react-native/React/**",
				);
				LIBRARY_SEARCH_PATHS = "$(inherited)";
				OTHER_LDFLAGS = "-ObjC";
				PRODUCT_NAME = RNReaderSDK;
				SKIP_INSTALL = YES;
			};
			name = Debug;
		};
		58B511F11A9E6C8500147676 /* Release */ = {
			isa = XCBuildConfiguration;
			buildSettings = {
				FRAMEWORK_SEARCH_PATHS = (
					"$(inherited)",
					"$(PROJECT_DIR)",
					"$(PROJECT_DIR)/../../../ios/**",
					"$(PROJECT_DIR)/../../../",
					"$(PROJECT_DIR)/../reader-sdk-react-native-quickstart/ios/",
				);
				HEADER_SEARCH_PATHS = (
					"$(inherited)",
					/Applications/Xcode.app/Contents/Developer/Toolchains/XcodeDefault.xctoolchain/usr/include,
					"$(SRCROOT)/../../../React/**",
					"$(SRCROOT)/../../react-native/React/**",
				);
				LIBRARY_SEARCH_PATHS = "$(inherited)";
				OTHER_LDFLAGS = "-ObjC";
				PRODUCT_NAME = RNReaderSDK;
				SKIP_INSTALL = YES;
			};
			name = Release;
		};
/* End XCBuildConfiguration section */

/* Begin XCConfigurationList section */
		58B511D61A9E6C8500147676 /* Build configuration list for PBXProject "RNReaderSDK" */ = {
			isa = XCConfigurationList;
			buildConfigurations = (
				58B511ED1A9E6C8500147676 /* Debug */,
				58B511EE1A9E6C8500147676 /* Release */,
			);
			defaultConfigurationIsVisible = 0;
			defaultConfigurationName = Release;
		};
		58B511EF1A9E6C8500147676 /* Build configuration list for PBXNativeTarget "RNReaderSDK" */ = {
			isa = XCConfigurationList;
			buildConfigurations = (
				58B511F01A9E6C8500147676 /* Debug */,
				58B511F11A9E6C8500147676 /* Release */,
			);
			defaultConfigurationIsVisible = 0;
			defaultConfigurationName = Release;
		};
/* End XCConfigurationList section */
	};
	rootObject = 58B511D31A9E6C8500147676 /* Project object */;
}
